--- 
hash: 67d01f7d05c40bc847bb697eaaf322b5083b3b5e
sources: 
- Rubygems: 
    uri: http://rubygems.org
specs: 
- RedCloth: 
    version: 4.2.3
- haml: 
    version: 3.0.12
- rack: 
    version: 1.2.1
- sinatra: 
    version: "1.0"
dependencies: 
  haml: 
    version: = 3.0.12
    group: 
    - :default
  RedCloth: 
    version: = 4.2.3
    group: 
    - :default
  sinatra: 
    version: = 1.0
    group: 
    - :default
